
Microsoft Visual Studio Solution File, Format Version 12.00
# Visual Studio Version 16
VisualStudioVersion = 16.0.30717.126
MinimumVisualStudioVersion = 10.0.40219.1
Project("{FAE04EC0-301F-11D3-BF4B-00C04F79EFBC}") = "SQLCodeGenerationHomework", "SQLCodeGenerationHomework\SQLCodeGenerationHomework.csproj", "{5C332482-58D9-47EC-80BE-730F6131AA11}"
EndProject
Global
	GlobalSection(SolutionConfigurationPlatforms) = preSolution
		Debug|Any CPU = Debug|Any CPU
		Release|Any CPU = Release|Any CPU
	EndGlobalSection
	GlobalSection(ProjectConfigurationPlatforms) = postSolution
		{5C332482-58D9-47EC-80BE-730F6131AA11}.Debug|Any CPU.ActiveCfg = Debug|Any CPU
		{5C332482-58D9-47EC-80BE-730F6131AA11}.Debug|Any CPU.Build.0 = Debug|Any CPU
		{5C332482-58D9-47EC-80BE-730F6131AA11}.Release|Any CPU.ActiveCfg = Release|Any CPU
		{5C332482-58D9-47EC-80BE-730F6131AA11}.Release|Any CPU.Build.0 = Release|Any CPU
	EndGlobalSection
	GlobalSection(SolutionProperties) = preSolution
		HideSolutionNode = FALSE
	EndGlobalSection
	GlobalSection(ExtensibilityGlobals) = postSolution
		SolutionGuid = {AB85C0D7-B857-4DB8-B794-2564AC70E81B}
	EndGlobalSection
EndGlobal
